lockfileVersion: '9.0'

settings:
  autoInstallPeers: true
  excludeLinksFromLockfile: false

importers:

  .:
    devDependencies:
      '@openzeppelin/contracts':
        specifier: ^5.5.0
        version: 5.5.0
      '@openzeppelin/uniswap-hooks':
        specifier: github:OpenZeppelin/uniswap-hooks
        version: https://codeload.github.com/OpenZeppelin/uniswap-hooks/tar.gz/7170eec9cdbbdb4a907d14bfe63478cf15d2eab4
      '@uniswap/v4-core':
        specifier: ^1.0.2
        version: 1.0.2
      '@uniswap/v4-periphery':
        specifier: ^1.0.3
        version: 1.0.3
      forge-std:
        specifier: ^1.1.2
        version: 1.1.2
      hookmate:
        specifier: github:akshatmittal/hookmate
        version: '@hookmate/utils@https://codeload.github.com/akshatmittal/hookmate/tar.gz/33408fbc15e083eb0bc4205fa37cb6ba0a926f44'
      prettier:
        specifier: ^3.6.2
        version: 3.6.2

packages:

  '@hookmate/utils@https://codeload.github.com/akshatmittal/hookmate/tar.gz/33408fbc15e083eb0bc4205fa37cb6ba0a926f44':
    resolution: {tarball: https://codeload.github.com/akshatmittal/hookmate/tar.gz/33408fbc15e083eb0bc4205fa37cb6ba0a926f44}
    version: 0.1.0

  '@openzeppelin/contracts@5.5.0':
    resolution: {integrity: sha512-R8hq4zmKKWP2c7OxeRgAcjZwvF5W0Qq2OIX7degrtdM52Q9xYr4MLJdUAVPKGUewNJ1qo+M6YiZLLnNUnjP/gg==}

  '@openzeppelin/uniswap-hooks@https://codeload.github.com/OpenZeppelin/uniswap-hooks/tar.gz/7170eec9cdbbdb4a907d14bfe63478cf15d2eab4':
    resolution: {tarball: https://codeload.github.com/OpenZeppelin/uniswap-hooks/tar.gz/7170eec9cdbbdb4a907d14bfe63478cf15d2eab4}
    version: 1.2.0

  '@uniswap/v4-core@1.0.2':
    resolution: {integrity: sha512-X15Tm2wWd+USAzEExMbo+g9naA6QN6mPgWm0MzDwRNlOfaNlepfUpSyt9RSrUfEODspwbyWbcLg6t5nwc/e7lg==}

  '@uniswap/v4-periphery@1.0.3':
    resolution: {integrity: sha512-JxLL0Djv9XcMvI2PatEnWrCrxuEaYNVhHxstndBOP+aJfh1XLg5ec8SDZ0xyoVfg2ElJTvuKpBgnu90bNValsg==}

  forge-std@1.1.2:
    resolution: {integrity: sha512-Wfb0iAS9PcfjMKtGpWQw9mXzJxrWD62kJCUqqLcyuI0+VRtJ3j20XembjF3kS20qELYdXft1vD/SPFVWVKMFOw==}

  prettier@3.6.2:
    resolution: {integrity: sha512-I7AIg5boAr5R0FFtJ6rCfD+LFsWHp81dolrFD8S79U9tb8Az2nGrJncnMSnys+bpQJfRUzqs9hnA81OAA3hCuQ==}
    engines: {node: '>=14'}
    hasBin: true

snapshots:

  '@hookmate/utils@https://codeload.github.com/akshatmittal/hookmate/tar.gz/33408fbc15e083eb0bc4205fa37cb6ba0a926f44': {}

  '@openzeppelin/contracts@5.5.0': {}

  '@openzeppelin/uniswap-hooks@https://codeload.github.com/OpenZeppelin/uniswap-hooks/tar.gz/7170eec9cdbbdb4a907d14bfe63478cf15d2eab4': {}

  '@uniswap/v4-core@1.0.2': {}

  '@uniswap/v4-periphery@1.0.3': {}

  forge-std@1.1.2: {}

  prettier@3.6.2: {}
